
Microsoft Visual Studio Solution File, Format Version 12.00
# Visual Studio 15
VisualStudioVersion = 15.0.27004.2009
MinimumVisualStudioVersion = 10.0.40219.1
Project("{FAE04EC0-301F-11D3-BF4B-00C04F79EFBC}") = "capp_create_sprocs", "capp_create_sprocs\capp_create_sprocs.csproj", "{6CF91397-04C8-4162-A778-96BF0B9076B4}"
EndProject
Global
	GlobalSection(SolutionConfigurationPlatforms) = preSolution
		Debug|Any CPU = Debug|Any CPU
		Release|Any CPU = Release|Any CPU
	EndGlobalSection
	GlobalSection(ProjectConfigurationPlatforms) = postSolution
		{6CF91397-04C8-4162-A778-96BF0B9076B4}.Debug|Any CPU.ActiveCfg = Debug|Any CPU
		{6CF91397-04C8-4162-A778-96BF0B9076B4}.Debug|Any CPU.Build.0 = Debug|Any CPU
		{6CF91397-04C8-4162-A778-96BF0B9076B4}.Release|Any CPU.ActiveCfg = Release|Any CPU
		{6CF91397-04C8-4162-A778-96BF0B9076B4}.Release|Any CPU.Build.0 = Release|Any CPU
	EndGlobalSection
	GlobalSection(SolutionProperties) = preSolution
		HideSolutionNode = FALSE
	EndGlobalSection
	GlobalSection(ExtensibilityGlobals) = postSolution
		SolutionGuid = {6AB09C6B-6167-4B75-A879-93E5F0118689}
	EndGlobalSection
EndGlobal
