
Microsoft Visual Studio Solution File, Format Version 12.00
# Visual Studio 15
VisualStudioVersion = 15.0.27004.2006
MinimumVisualStudioVersion = 10.0.40219.1
Project("{159641D6-6404-4A2A-AE62-294DE0FE8301}") = "Load_Dim_Organization", "Load_Dim_Organization\Load_Dim_Organization.dtproj", "{F542AE20-4DE8-47E9-A610-AE6CA58132E9}"
EndProject
Global
	GlobalSection(SolutionConfigurationPlatforms) = preSolution
		Development|Default = Development|Default
	EndGlobalSection
	GlobalSection(ProjectConfigurationPlatforms) = postSolution
		{F542AE20-4DE8-47E9-A610-AE6CA58132E9}.Development|Default.ActiveCfg = Development
		{F542AE20-4DE8-47E9-A610-AE6CA58132E9}.Development|Default.Build.0 = Development
	EndGlobalSection
	GlobalSection(SolutionProperties) = preSolution
		HideSolutionNode = FALSE
	EndGlobalSection
	GlobalSection(ExtensibilityGlobals) = postSolution
		SolutionGuid = {1486869C-8092-4ECE-8BC5-8F1C3BA20043}
	EndGlobalSection
EndGlobal
