
Microsoft Visual Studio Solution File, Format Version 12.00
# Visual Studio 15
VisualStudioVersion = 15.0.27004.2006
MinimumVisualStudioVersion = 10.0.40219.1
Project("{159641D6-6404-4A2A-AE62-294DE0FE8301}") = "Load_Dim_Child", "Load_Dim_Child\Load_Dim_Child.dtproj", "{B6B79236-21C0-41E4-8A87-8840AEF658E7}"
EndProject
Global
	GlobalSection(SolutionConfigurationPlatforms) = preSolution
		Development|Default = Development|Default
	EndGlobalSection
	GlobalSection(ProjectConfigurationPlatforms) = postSolution
		{B6B79236-21C0-41E4-8A87-8840AEF658E7}.Development|Default.ActiveCfg = Development
		{B6B79236-21C0-41E4-8A87-8840AEF658E7}.Development|Default.Build.0 = Development
	EndGlobalSection
	GlobalSection(SolutionProperties) = preSolution
		HideSolutionNode = FALSE
	EndGlobalSection
	GlobalSection(ExtensibilityGlobals) = postSolution
		SolutionGuid = {865BBD00-4134-47D7-AC9A-92ED2E40275E}
	EndGlobalSection
EndGlobal
