
Microsoft Visual Studio Solution File, Format Version 12.00
# Visual Studio 15
VisualStudioVersion = 15.0.27004.2006
MinimumVisualStudioVersion = 10.0.40219.1
Project("{159641D6-6404-4A2A-AE62-294DE0FE8301}") = "Load_XREF_Program", "Load_XREF_Program\Load_XREF_Program.dtproj", "{20BC4357-C8B9-4FE3-A5A2-57E6C8E8D664}"
EndProject
Global
	GlobalSection(SolutionConfigurationPlatforms) = preSolution
		Development|Default = Development|Default
	EndGlobalSection
	GlobalSection(ProjectConfigurationPlatforms) = postSolution
		{20BC4357-C8B9-4FE3-A5A2-57E6C8E8D664}.Development|Default.ActiveCfg = Development
		{20BC4357-C8B9-4FE3-A5A2-57E6C8E8D664}.Development|Default.Build.0 = Development
	EndGlobalSection
	GlobalSection(SolutionProperties) = preSolution
		HideSolutionNode = FALSE
	EndGlobalSection
	GlobalSection(ExtensibilityGlobals) = postSolution
		SolutionGuid = {12571D90-52D6-4669-9C66-C20583C2A376}
	EndGlobalSection
EndGlobal
