
Microsoft Visual Studio Solution File, Format Version 12.00
# Visual Studio 14
VisualStudioVersion = 14.0.25420.1
MinimumVisualStudioVersion = 10.0.40219.1
Project("{159641D6-6404-4A2A-AE62-294DE0FE8301}") = "is_client_extracts", "is_client_extracts\is_client_extracts.dtproj", "{291F84DD-BFD5-4162-AA94-4F86A338FEBB}"
EndProject
Global
	GlobalSection(SolutionConfigurationPlatforms) = preSolution
		Development|Default = Development|Default
	EndGlobalSection
	GlobalSection(ProjectConfigurationPlatforms) = postSolution
		{291F84DD-BFD5-4162-AA94-4F86A338FEBB}.Development|Default.ActiveCfg = Development
		{291F84DD-BFD5-4162-AA94-4F86A338FEBB}.Development|Default.Build.0 = Development
	EndGlobalSection
	GlobalSection(SolutionProperties) = preSolution
		HideSolutionNode = FALSE
	EndGlobalSection
EndGlobal
